# This file is autogenerated, do not edit; changes may be undone by the next 'dep ensure'.


[[projects]]
  branch = "n/master"
  digest = "1:f5703cd793a17527c606d8af4c834391c642e442df440dcbff0eabcb31e977b3"
  name = "github.com/NoahOrberg/x"
  packages = [
    "protobuf/ast",
    "protobuf/parser",
  ]
  pruneopts = "UT"
  revision = "4fa32813d27781c07a4febd296b0400151eb43be"

[[projects]]
  digest = "1:86c75d55fde56a814f69515d092963634d6f5f6bc1c3e9091b01fbe373a9546e"
  name = "github.com/k0kubun/pp"
  packages = ["."]
  pruneopts = "UT"
  revision = "3d73dea227e0711e38b911ffa6fbafc8ff6b2991"
  version = "v3.0.1"

[[projects]]
  digest = "1:2fa7b0155cd54479a755c629de26f888a918e13f8857a2c442205d825368e084"
  name = "github.com/mattn/go-colorable"
  packages = ["."]
  pruneopts = "UT"
  revision = "3a70a971f94a22f2fa562ffcc7a0eb45f5daf045"
  version = "v0.1.1"

[[projects]]
  digest = "1:9b90c7639a41697f3d4ad12d7d67dfacc9a7a4a6e0bbfae4fc72d0da57c28871"
  name = "github.com/mattn/go-isatty"
  packages = ["."]
  pruneopts = "UT"
  revision = "1311e847b0cb909da63b5fecfb5370aa66236465"
  version = "v0.0.8"

[[projects]]
  branch = "master"
  digest = "1:6533bbba9e811f4febbd570b309cfeddf997056ddc5ca538bf4a49fb07dc81ab"
  name = "github.com/sourcegraph/go-lsp"
  packages = ["."]
  pruneopts = "UT"
  revision = "0c7d621186c1c8684f3d97868f6970b326609cc7"

[[projects]]
  branch = "master"
  digest = "1:bb98fa3eeab9c32ccf3d6f4690702ddaef0b8300823f9822ddcec88cee0ecb3c"
  name = "github.com/sourcegraph/jsonrpc2"
  packages = ["."]
  pruneopts = "UT"
  revision = "35a74f039c6a54af5bf0402d8f7da046c3f63ba2"

[[projects]]
  branch = "master"
  digest = "1:dce1d6c001ac752c61f5e255666ed388d78ff2089914f7067c7d6b6ff49e6420"
  name = "golang.org/x/sys"
  packages = ["unix"]
  pruneopts = "UT"
  revision = "0e01d883c5c5e3a1741118a9962f68d71b0a6ed4"

[solve-meta]
  analyzer-name = "dep"
  analyzer-version = 1
  input-imports = [
    "github.com/NoahOrberg/x/protobuf/ast",
    "github.com/NoahOrberg/x/protobuf/parser",
    "github.com/k0kubun/pp",
    "github.com/sourcegraph/go-lsp",
    "github.com/sourcegraph/jsonrpc2",
  ]
  solver-name = "gps-cdcl"
  solver-version = 1
